{
	"name": "cc-searxng",
	"lockfileVersion": 3,
	"requires": true,
	"packages": {
		"": {
			"license": "ISC",
			"devDependencies": {
				"@demosjarco/prettier-config": "^1.0.2",
				"prettier": "^3.5.3"
			}
		},
		"node_modules/@demosjarco/prettier-config": {
			"version": "1.0.2",
			"resolved": "https://registry.npmjs.org/@demosjarco/prettier-config/-/prettier-config-1.0.2.tgz",
			"integrity": "sha512-4Ola91fd4JZEtgOyvcNNRXTkf9Hq8CQymCufoyck+gs6RPelPlCiKJHyrMMgMVul2/NsBj7V+4Wblp8sVJAVwA==",
			"dev": true,
			"license": "MIT"
		},
		"node_modules/prettier": {
			"version": "3.5.3",
			"resolved": "https://registry.npmjs.org/prettier/-/prettier-3.5.3.tgz",
			"integrity": "sha512-QQtaxnoDJeAkDvDKWCLiwIXkTgRhwYDEQCghU9Z6q03iyek/rxRh/2lC3HB7P8sWT2xC/y5JDctPLBIGzHKbhw==",
			"dev": true,
			"license": "MIT",
			"bin": {
				"prettier": "bin/prettier.cjs"
			},
			"engines": {
				"node": ">=14"
			},
			"funding": {
				"url": "https://github.com/prettier/prettier?sponsor=1"
			}
		}
	}
}
